Microsoft Visual Studio Solution File, Format Version 12.00
# Visual Studio Version 17
VisualStudioVersion = 17.5.2.0
MinimumVisualStudioVersion = 10.0.40219.1
Project("{2150E333-8FDC-42A3-9474-1A3956D46DE8}") = "src", "src", "{827E0CD3-B72D-47B6-A68D-7590B98EB39B}"
EndProject
Project("{2150E333-8FDC-42A3-9474-1A3956D46DE8}") = "BuildingBlocks", "BuildingBlocks", "{1747C521-92A3-4A37-AC72-8316C49D9CD7}"
EndProject
Project("{FAE04EC0-301F-11D3-BF4B-00C04F79EFBC}") = "BuildingBlocks.Domain", "src\ModularMonolith\BuildingBlocks\BuildingBlocks.Domain\BuildingBlocks.Domain.csproj", "{03AC9165-A85D-428E-BF75-8426A79C7755}"
EndProject
Project("{FAE04EC0-301F-11D3-BF4B-00C04F79EFBC}") = "BuildingBlocks.Application", "src\ModularMonolith\BuildingBlocks\BuildingBlocks.Application\BuildingBlocks.Application.csproj", "{8DA55D6F-E80E-40BE-91F8-C7069452EDC3}"
EndProject
Project("{FAE04EC0-301F-11D3-BF4B-00C04F79EFBC}") = "BuildingBlocks.Infrastructure", "src\ModularMonolith\BuildingBlocks\BuildingBlocks.Infrastructure\BuildingBlocks.Infrastructure.csproj", "{C63AAFD9-99C8-49B7-B3D4-34C0653F9390}"
EndProject
Project("{FAE04EC0-301F-11D3-BF4B-00C04F79EFBC}") = "BuildingBlocks.Api", "src\ModularMonolith\BuildingBlocks\BuildingBlocks.Api\BuildingBlocks.Api.csproj", "{EF21B8F3-770A-4EA7-A645-2C165CD69346}"
EndProject
Project("{FAE04EC0-301F-11D3-BF4B-00C04F79EFBC}") = "BuildingBlocks.Shared", "src\ModularMonolith\BuildingBlocks\BuildingBlocks.Shared\BuildingBlocks.Shared.csproj", "{F4550BEA-5EA3-47C8-82EC-64F8C78765B4}"
EndProject
Project("{2150E333-8FDC-42A3-9474-1A3956D46DE8}") = "Modules", "Modules", "{9DA41A07-59C5-47ED-856F-EC8F62064617}"
EndProject
Project("{2150E333-8FDC-42A3-9474-1A3956D46DE8}") = "Catalog", "Catalog", "{04AEA497-8A79-4DBF-8198-4AD0BF1E3461}"
EndProject
Project("{FAE04EC0-301F-11D3-BF4B-00C04F79EFBC}") = "Catalog.Domain", "src\ModularMonolith\Modules\Catalog\Catalog.Domain\Catalog.Domain.csproj", "{11C274B8-DC2E-4F02-8BC9-877EC752D486}"
EndProject
Project("{FAE04EC0-301F-11D3-BF4B-00C04F79EFBC}") = "Catalog.Application", "src\ModularMonolith\Modules\Catalog\Catalog.Application\Catalog.Application.csproj", "{23C050ED-2FFF-4CEF-9411-77DE746F2C53}"
EndProject
Project("{FAE04EC0-301F-11D3-BF4B-00C04F79EFBC}") = "Catalog.Infrastructure", "src\ModularMonolith\Modules\Catalog\Catalog.Infrastructure\Catalog.Infrastructure.csproj", "{3F6BACE8-4758-4703-AA07-8F2D790D0386}"
EndProject
Project("{FAE04EC0-301F-11D3-BF4B-00C04F79EFBC}") = "Catalog.Api", "src\ModularMonolith\Modules\Catalog\Catalog.Api\Catalog.Api.csproj", "{11CDB382-2D1D-487C-B6F8-AF0E9CE66EFC}"
EndProject
Project("{2150E333-8FDC-42A3-9474-1A3956D46DE8}") = "Identity", "Identity", "{3168DB64-D204-4A31-B9C4-9F50C77334C7}"
EndProject
Project("{FAE04EC0-301F-11D3-BF4B-00C04F79EFBC}") = "Identity.Domain", "src\ModularMonolith\Modules\Identity\Identity.Domain\Identity.Domain.csproj", "{F57CA4ED-2568-46AC-A113-34BD0F80F1A5}"
EndProject
Project("{FAE04EC0-301F-11D3-BF4B-00C04F79EFBC}") = "Identity.Application", "src\ModularMonolith\Modules\Identity\Identity.Application\Identity.Application.csproj", "{383DA85C-D9B9-4ECA-9616-CA2775F1538F}"
EndProject
Project("{FAE04EC0-301F-11D3-BF4B-00C04F79EFBC}") = "Identity.Infrastructure", "src\ModularMonolith\Modules\Identity\Identity.Infrastructure\Identity.Infrastructure.csproj", "{B3C65C42-7620-4A33-84D3-73E28774D7B0}"
EndProject
Project("{FAE04EC0-301F-11D3-BF4B-00C04F79EFBC}") = "Identity.Api", "src\ModularMonolith\Modules\Identity\Identity.Api\Identity.Api.csproj", "{90B8F9B8-4A19-4490-8F83-3E4CA4052276}"
EndProject
Project("{2150E333-8FDC-42A3-9474-1A3956D46DE8}") = "Auditing", "Auditing", "{4C2D00FA-02B8-4025-BBD0-7B456324368A}"
EndProject
Project("{FAE04EC0-301F-11D3-BF4B-00C04F79EFBC}") = "Auditing.Domain", "src\ModularMonolith\Modules\Auditing\Auditing.Domain\Auditing.Domain.csproj", "{35BAF9F9-5240-477F-85B0-9598889EFB3F}"
EndProject
Project("{FAE04EC0-301F-11D3-BF4B-00C04F79EFBC}") = "Auditing.Application", "src\ModularMonolith\Modules\Auditing\Auditing.Application\Auditing.Application.csproj", "{2A07C7A9-165F-49DA-AE02-44BDE1410794}"
EndProject
Project("{FAE04EC0-301F-11D3-BF4B-00C04F79EFBC}") = "Auditing.Infrastructure", "src\ModularMonolith\Modules\Auditing\Auditing.Infrastructure\Auditing.Infrastructure.csproj", "{D469B8B1-A02F-48FE-9678-1468C1CF5F6D}"
EndProject
Project("{FAE04EC0-301F-11D3-BF4B-00C04F79EFBC}") = "Auditing.Api", "src\ModularMonolith\Modules\Auditing\Auditing.Api\Auditing.Api.csproj", "{8B728DFD-D705-4964-9E28-13582AC7F3C4}"
EndProject
Project("{FAE04EC0-301F-11D3-BF4B-00C04F79EFBC}") = "CleanArchitecture.Api", "src\ModularMonolith\CleanArchitecture.Api\CleanArchitecture.Api.csproj", "{B54A0CBB-BBAA-4028-83B8-7AD0B830A587}"
EndProject
Project("{2150E333-8FDC-42A3-9474-1A3956D46DE8}") = "ModularMonolith", "ModularMonolith", "{02EA681E-C7D8-13C7-8484-4AC65E1B71E8}"
EndProject
Project("{E53339B2-1760-4266-BCC7-CA923CBCF16C}") = "docker-compose", "docker-compose.dcproj", "{81DDED9D-158B-E303-5F62-77A2896D2A5A}"
EndProject
Global
	GlobalSection(SolutionConfigurationPlatforms) = preSolution
		Debug|Any CPU = Debug|Any CPU
		Release|Any CPU = Release|Any CPU
	EndGlobalSection
	GlobalSection(ProjectConfigurationPlatforms) = postSolution
		{03AC9165-A85D-428E-BF75-8426A79C7755}.Debug|Any CPU.ActiveCfg = Debug|Any CPU
		{03AC9165-A85D-428E-BF75-8426A79C7755}.Debug|Any CPU.Build.0 = Debug|Any CPU
		{03AC9165-A85D-428E-BF75-8426A79C7755}.Release|Any CPU.ActiveCfg = Release|Any CPU
		{03AC9165-A85D-428E-BF75-8426A79C7755}.Release|Any CPU.Build.0 = Release|Any CPU
		{8DA55D6F-E80E-40BE-91F8-C7069452EDC3}.Debug|Any CPU.ActiveCfg = Debug|Any CPU
		{8DA55D6F-E80E-40BE-91F8-C7069452EDC3}.Debug|Any CPU.Build.0 = Debug|Any CPU
		{8DA55D6F-E80E-40BE-91F8-C7069452EDC3}.Release|Any CPU.ActiveCfg = Release|Any CPU
		{8DA55D6F-E80E-40BE-91F8-C7069452EDC3}.Release|Any CPU.Build.0 = Release|Any CPU
		{C63AAFD9-99C8-49B7-B3D4-34C0653F9390}.Debug|Any CPU.ActiveCfg = Debug|Any CPU
		{C63AAFD9-99C8-49B7-B3D4-34C0653F9390}.Debug|Any CPU.Build.0 = Debug|Any CPU
		{C63AAFD9-99C8-49B7-B3D4-34C0653F9390}.Release|Any CPU.ActiveCfg = Release|Any CPU
		{C63AAFD9-99C8-49B7-B3D4-34C0653F9390}.Release|Any CPU.Build.0 = Release|Any CPU
		{EF21B8F3-770A-4EA7-A645-2C165CD69346}.Debug|Any CPU.ActiveCfg = Debug|Any CPU
		{EF21B8F3-770A-4EA7-A645-2C165CD69346}.Debug|Any CPU.Build.0 = Debug|Any CPU
		{EF21B8F3-770A-4EA7-A645-2C165CD69346}.Release|Any CPU.ActiveCfg = Release|Any CPU
		{EF21B8F3-770A-4EA7-A645-2C165CD69346}.Release|Any CPU.Build.0 = Release|Any CPU
		{F4550BEA-5EA3-47C8-82EC-64F8C78765B4}.Debug|Any CPU.ActiveCfg = Debug|Any CPU
		{F4550BEA-5EA3-47C8-82EC-64F8C78765B4}.Debug|Any CPU.Build.0 = Debug|Any CPU
		{F4550BEA-5EA3-47C8-82EC-64F8C78765B4}.Release|Any CPU.ActiveCfg = Release|Any CPU
		{F4550BEA-5EA3-47C8-82EC-64F8C78765B4}.Release|Any CPU.Build.0 = Release|Any CPU
		{11C274B8-DC2E-4F02-8BC9-877EC752D486}.Debug|Any CPU.ActiveCfg = Debug|Any CPU
		{11C274B8-DC2E-4F02-8BC9-877EC752D486}.Debug|Any CPU.Build.0 = Debug|Any CPU
		{11C274B8-DC2E-4F02-8BC9-877EC752D486}.Release|Any CPU.ActiveCfg = Release|Any CPU
		{11C274B8-DC2E-4F02-8BC9-877EC752D486}.Release|Any CPU.Build.0 = Release|Any CPU
		{23C050ED-2FFF-4CEF-9411-77DE746F2C53}.Debug|Any CPU.ActiveCfg = Debug|Any CPU
		{23C050ED-2FFF-4CEF-9411-77DE746F2C53}.Debug|Any CPU.Build.0 = Debug|Any CPU
		{23C050ED-2FFF-4CEF-9411-77DE746F2C53}.Release|Any CPU.ActiveCfg = Release|Any CPU
		{23C050ED-2FFF-4CEF-9411-77DE746F2C53}.Release|Any CPU.Build.0 = Release|Any CPU
		{3F6BACE8-4758-4703-AA07-8F2D790D0386}.Debug|Any CPU.ActiveCfg = Debug|Any CPU
		{3F6BACE8-4758-4703-AA07-8F2D790D0386}.Debug|Any CPU.Build.0 = Debug|Any CPU
		{3F6BACE8-4758-4703-AA07-8F2D790D0386}.Release|Any CPU.ActiveCfg = Release|Any CPU
		{3F6BACE8-4758-4703-AA07-8F2D790D0386}.Release|Any CPU.Build.0 = Release|Any CPU
		{11CDB382-2D1D-487C-B6F8-AF0E9CE66EFC}.Debug|Any CPU.ActiveCfg = Debug|Any CPU
		{11CDB382-2D1D-487C-B6F8-AF0E9CE66EFC}.Debug|Any CPU.Build.0 = Debug|Any CPU
		{11CDB382-2D1D-487C-B6F8-AF0E9CE66EFC}.Release|Any CPU.ActiveCfg = Release|Any CPU
		{11CDB382-2D1D-487C-B6F8-AF0E9CE66EFC}.Release|Any CPU.Build.0 = Release|Any CPU
		{F57CA4ED-2568-46AC-A113-34BD0F80F1A5}.Debug|Any CPU.ActiveCfg = Debug|Any CPU
		{F57CA4ED-2568-46AC-A113-34BD0F80F1A5}.Debug|Any CPU.Build.0 = Debug|Any CPU
		{F57CA4ED-2568-46AC-A113-34BD0F80F1A5}.Release|Any CPU.ActiveCfg = Release|Any CPU
		{F57CA4ED-2568-46AC-A113-34BD0F80F1A5}.Release|Any CPU.Build.0 = Release|Any CPU
		{383DA85C-D9B9-4ECA-9616-CA2775F1538F}.Debug|Any CPU.ActiveCfg = Debug|Any CPU
		{383DA85C-D9B9-4ECA-9616-CA2775F1538F}.Debug|Any CPU.Build.0 = Debug|Any CPU
		{383DA85C-D9B9-4ECA-9616-CA2775F1538F}.Release|Any CPU.ActiveCfg = Release|Any CPU
		{383DA85C-D9B9-4ECA-9616-CA2775F1538F}.Release|Any CPU.Build.0 = Release|Any CPU
		{B3C65C42-7620-4A33-84D3-73E28774D7B0}.Debug|Any CPU.ActiveCfg = Debug|Any CPU
		{B3C65C42-7620-4A33-84D3-73E28774D7B0}.Debug|Any CPU.Build.0 = Debug|Any CPU
		{B3C65C42-7620-4A33-84D3-73E28774D7B0}.Release|Any CPU.ActiveCfg = Release|Any CPU
		{B3C65C42-7620-4A33-84D3-73E28774D7B0}.Release|Any CPU.Build.0 = Release|Any CPU
		{90B8F9B8-4A19-4490-8F83-3E4CA4052276}.Debug|Any CPU.ActiveCfg = Debug|Any CPU
		{90B8F9B8-4A19-4490-8F83-3E4CA4052276}.Debug|Any CPU.Build.0 = Debug|Any CPU
		{90B8F9B8-4A19-4490-8F83-3E4CA4052276}.Release|Any CPU.ActiveCfg = Release|Any CPU
		{90B8F9B8-4A19-4490-8F83-3E4CA4052276}.Release|Any CPU.Build.0 = Release|Any CPU
		{35BAF9F9-5240-477F-85B0-9598889EFB3F}.Debug|Any CPU.ActiveCfg = Debug|Any CPU
		{35BAF9F9-5240-477F-85B0-9598889EFB3F}.Debug|Any CPU.Build.0 = Debug|Any CPU
		{35BAF9F9-5240-477F-85B0-9598889EFB3F}.Release|Any CPU.ActiveCfg = Release|Any CPU
		{35BAF9F9-5240-477F-85B0-9598889EFB3F}.Release|Any CPU.Build.0 = Release|Any CPU
		{2A07C7A9-165F-49DA-AE02-44BDE1410794}.Debug|Any CPU.ActiveCfg = Debug|Any CPU
		{2A07C7A9-165F-49DA-AE02-44BDE1410794}.Debug|Any CPU.Build.0 = Debug|Any CPU
		{2A07C7A9-165F-49DA-AE02-44BDE1410794}.Release|Any CPU.ActiveCfg = Release|Any CPU
		{2A07C7A9-165F-49DA-AE02-44BDE1410794}.Release|Any CPU.Build.0 = Release|Any CPU
		{D469B8B1-A02F-48FE-9678-1468C1CF5F6D}.Debug|Any CPU.ActiveCfg = Debug|Any CPU
		{D469B8B1-A02F-48FE-9678-1468C1CF5F6D}.Debug|Any CPU.Build.0 = Debug|Any CPU
		{D469B8B1-A02F-48FE-9678-1468C1CF5F6D}.Release|Any CPU.ActiveCfg = Release|Any CPU
		{D469B8B1-A02F-48FE-9678-1468C1CF5F6D}.Release|Any CPU.Build.0 = Release|Any CPU
		{8B728DFD-D705-4964-9E28-13582AC7F3C4}.Debug|Any CPU.ActiveCfg = Debug|Any CPU
		{8B728DFD-D705-4964-9E28-13582AC7F3C4}.Debug|Any CPU.Build.0 = Debug|Any CPU
		{8B728DFD-D705-4964-9E28-13582AC7F3C4}.Release|Any CPU.ActiveCfg = Release|Any CPU
		{8B728DFD-D705-4964-9E28-13582AC7F3C4}.Release|Any CPU.Build.0 = Release|Any CPU
		{B54A0CBB-BBAA-4028-83B8-7AD0B830A587}.Debug|Any CPU.ActiveCfg = Debug|Any CPU
		{B54A0CBB-BBAA-4028-83B8-7AD0B830A587}.Debug|Any CPU.Build.0 = Debug|Any CPU
		{B54A0CBB-BBAA-4028-83B8-7AD0B830A587}.Release|Any CPU.ActiveCfg = Release|Any CPU
		{B54A0CBB-BBAA-4028-83B8-7AD0B830A587}.Release|Any CPU.Build.0 = Release|Any CPU
		{81DDED9D-158B-E303-5F62-77A2896D2A5A}.Debug|Any CPU.ActiveCfg = Debug|Any CPU
		{81DDED9D-158B-E303-5F62-77A2896D2A5A}.Debug|Any CPU.Build.0 = Debug|Any CPU
		{81DDED9D-158B-E303-5F62-77A2896D2A5A}.Release|Any CPU.ActiveCfg = Release|Any CPU
		{81DDED9D-158B-E303-5F62-77A2896D2A5A}.Release|Any CPU.Build.0 = Release|Any CPU
	EndGlobalSection
	GlobalSection(SolutionProperties) = preSolution
		HideSolutionNode = FALSE
	EndGlobalSection
	GlobalSection(NestedProjects) = preSolution
		{1747C521-92A3-4A37-AC72-8316C49D9CD7} = {02EA681E-C7D8-13C7-8484-4AC65E1B71E8}
		{03AC9165-A85D-428E-BF75-8426A79C7755} = {1747C521-92A3-4A37-AC72-8316C49D9CD7}
		{8DA55D6F-E80E-40BE-91F8-C7069452EDC3} = {1747C521-92A3-4A37-AC72-8316C49D9CD7}
		{C63AAFD9-99C8-49B7-B3D4-34C0653F9390} = {1747C521-92A3-4A37-AC72-8316C49D9CD7}
		{EF21B8F3-770A-4EA7-A645-2C165CD69346} = {1747C521-92A3-4A37-AC72-8316C49D9CD7}
		{F4550BEA-5EA3-47C8-82EC-64F8C78765B4} = {1747C521-92A3-4A37-AC72-8316C49D9CD7}
		{9DA41A07-59C5-47ED-856F-EC8F62064617} = {02EA681E-C7D8-13C7-8484-4AC65E1B71E8}
		{04AEA497-8A79-4DBF-8198-4AD0BF1E3461} = {9DA41A07-59C5-47ED-856F-EC8F62064617}
		{11C274B8-DC2E-4F02-8BC9-877EC752D486} = {04AEA497-8A79-4DBF-8198-4AD0BF1E3461}
		{23C050ED-2FFF-4CEF-9411-77DE746F2C53} = {04AEA497-8A79-4DBF-8198-4AD0BF1E3461}
		{3F6BACE8-4758-4703-AA07-8F2D790D0386} = {04AEA497-8A79-4DBF-8198-4AD0BF1E3461}
		{11CDB382-2D1D-487C-B6F8-AF0E9CE66EFC} = {04AEA497-8A79-4DBF-8198-4AD0BF1E3461}
		{3168DB64-D204-4A31-B9C4-9F50C77334C7} = {9DA41A07-59C5-47ED-856F-EC8F62064617}
		{F57CA4ED-2568-46AC-A113-34BD0F80F1A5} = {3168DB64-D204-4A31-B9C4-9F50C77334C7}
		{383DA85C-D9B9-4ECA-9616-CA2775F1538F} = {3168DB64-D204-4A31-B9C4-9F50C77334C7}
		{B3C65C42-7620-4A33-84D3-73E28774D7B0} = {3168DB64-D204-4A31-B9C4-9F50C77334C7}
		{90B8F9B8-4A19-4490-8F83-3E4CA4052276} = {3168DB64-D204-4A31-B9C4-9F50C77334C7}
		{4C2D00FA-02B8-4025-BBD0-7B456324368A} = {9DA41A07-59C5-47ED-856F-EC8F62064617}
		{35BAF9F9-5240-477F-85B0-9598889EFB3F} = {4C2D00FA-02B8-4025-BBD0-7B456324368A}
		{2A07C7A9-165F-49DA-AE02-44BDE1410794} = {4C2D00FA-02B8-4025-BBD0-7B456324368A}
		{D469B8B1-A02F-48FE-9678-1468C1CF5F6D} = {4C2D00FA-02B8-4025-BBD0-7B456324368A}
		{8B728DFD-D705-4964-9E28-13582AC7F3C4} = {4C2D00FA-02B8-4025-BBD0-7B456324368A}
		{B54A0CBB-BBAA-4028-83B8-7AD0B830A587} = {02EA681E-C7D8-13C7-8484-4AC65E1B71E8}
		{02EA681E-C7D8-13C7-8484-4AC65E1B71E8} = {827E0CD3-B72D-47B6-A68D-7590B98EB39B}
	EndGlobalSection
	GlobalSection(ExtensibilityGlobals) = postSolution
		SolutionGuid = {5BG74F1E-2G4H-57GD-9303-56H47D365A64}
	EndGlobalSection
EndGlobal
