Microsoft Visual Studio Solution File, Format Version 12.00
# Visual Studio Version 17
VisualStudioVersion = 17.0.31903.59
MinimumVisualStudioVersion = 10.0.40219.1

Project("{9A19103F-16F7-4668-BE54-9A1E7A4F7556}") = "ProductCatalog.API", "src\Services\ProductCatalog\ProductCatalog.API\ProductCatalog.API.csproj", "{B1A2C3D4-E5F6-4712-ABCD-9E8F76543210}"
EndProject
Project("{9A19103F-16F7-4668-BE54-9A1E7A4F7556}") = "Shared.Common", "src\Shared\Shared.Common\Shared.Common.csproj", "{C3D4E5F6-A789-4BCD-EF01-23456789ABCD}"
EndProject
Project("{9A19103F-16F7-4668-BE54-9A1E7A4F7556}") = "Shared.Contracts", "src\Shared\Shared.Contracts\Shared.Contracts.csproj", "{D56789AB-CDEF-4012-3456-789ABCDE0123}"
EndProject
Project("{9A19103F-16F7-4668-BE54-9A1E7A4F7556}") = "Shared.Events", "src\Shared\Shared.Events\Shared.Events.csproj", "{E89ABC01-2345-4678-9ABC-DEF012345678}"
EndProject
Project("{FAE04EC0-301F-11D3-BF4B-00C04F79EFBC}") = "ApiGateway", "src\Gateway\ApiGateway\ApiGateway.csproj", "{F0123456-789A-4BCD-EF01-23456789ABCD}"
EndProject
Project("{9A19103F-16F7-4668-BE54-9A1E7A4F7556}") = "ProductCatalog.Domain", "src\Services\ProductCatalog\ProductCatalog.Domain\ProductCatalog.Domain.csproj", "{A1234567-89AB-4CDE-F012-3456789ABCDE}"
EndProject
Project("{9A19103F-16F7-4668-BE54-9A1E7A4F7556}") = "ProductCatalog.Application", "src\Services\ProductCatalog\ProductCatalog.Application\ProductCatalog.Application.csproj", "{B2345678-9ABC-4DEF-0123-456789ABCDEF}"
EndProject
Project("{9A19103F-16F7-4668-BE54-9A1E7A4F7556}") = "OrderManagement.API", "src\Services\OrderManagement\OrderManagement.API\OrderManagement.API.csproj", "{C3456789-ABCD-4EF0-1234-56789ABCDEF0}"
EndProject
Project("{9A19103F-16F7-4668-BE54-9A1E7A4F7556}") = "OrderManagement.Domain", "src\Services\OrderManagement\OrderManagement.Domain\OrderManagement.Domain.csproj", "{D4567890-BCDE-4F01-2345-6789ABCDEF01}"
EndProject
Project("{9A19103F-16F7-4668-BE54-9A1E7A4F7556}") = "OrderManagement.Application", "src\Services\OrderManagement\OrderManagement.Application\OrderManagement.Application.csproj", "{E5678901-CDEF-4012-3456-789ABCDEF012}"
EndProject
Project("{9A19103F-16F7-4668-BE54-9A1E7A4F7556}") = "OrderManagement.Infrastructure", "src\Services\OrderManagement\OrderManagement.Infrastructure\OrderManagement.Infrastructure.csproj", "{F6789012-DEF0-4123-4567-89ABCDEF0123}"
EndProject
Project("{9A19103F-16F7-4668-BE54-9A1E7A4F7556}") = "OrderManagement.Migrator", "src\Tools\OrderManagement.Migrator\OrderManagement.Migrator.csproj", "{01234567-EF01-4234-5678-9ABCDEF01234}"
EndProject

Global
	GlobalSection(SolutionConfigurationPlatforms) = preSolution
		Debug|Any CPU = Debug|Any CPU
		Debug|x64 = Debug|x64
		Debug|x86 = Debug|x86
	EndGlobalSection
	GlobalSection(SolutionProperties) = preSolution
		HideSolutionNode = FALSE
	EndGlobalSection
	GlobalSection(ProjectConfigurationPlatforms) = postSolution
		{F0123456-789A-4BCD-EF01-23456789ABCD}.Debug|Any CPU.ActiveCfg = Debug|Any CPU
		{F0123456-789A-4BCD-EF01-23456789ABCD}.Debug|Any CPU.Build.0 = Debug|Any CPU

		{B1A2C3D4-E5F6-4712-ABCD-9E8F76543210}.Debug|Any CPU.ActiveCfg = Debug|Any CPU
		{B1A2C3D4-E5F6-4712-ABCD-9E8F76543210}.Debug|Any CPU.Build.0 = Debug|Any CPU

		{A1234567-89AB-4CDE-F012-3456789ABCDE}.Debug|Any CPU.ActiveCfg = Debug|Any CPU
		{A1234567-89AB-4CDE-F012-3456789ABCDE}.Debug|Any CPU.Build.0 = Debug|Any CPU

		{C3456789-ABCD-4EF0-1234-56789ABCDEF0}.Debug|Any CPU.ActiveCfg = Debug|Any CPU
		{C3456789-ABCD-4EF0-1234-56789ABCDEF0}.Debug|Any CPU.Build.0 = Debug|Any CPU

		{C3D4E5F6-A789-4BCD-EF01-23456789ABCD}.Debug|Any CPU.ActiveCfg = Debug|Any CPU
		{C3D4E5F6-A789-4BCD-EF01-23456789ABCD}.Debug|Any CPU.Build.0 = Debug|Any CPU

		{D56789AB-CDEF-4012-3456-789ABCDE0123}.Debug|Any CPU.ActiveCfg = Debug|Any CPU
		{D56789AB-CDEF-4012-3456-789ABCDE0123}.Debug|Any CPU.Build.0 = Debug|Any CPU

		{E89ABC01-2345-4678-9ABC-DEF012345678}.Debug|Any CPU.ActiveCfg = Debug|Any CPU
		{E89ABC01-2345-4678-9ABC-DEF012345678}.Debug|Any CPU.Build.0 = Debug|Any CPU

		{B2345678-9ABC-4DEF-0123-456789ABCDEF}.Debug|Any CPU.ActiveCfg = Debug|Any CPU
		{B2345678-9ABC-4DEF-0123-456789ABCDEF}.Debug|Any CPU.Build.0 = Debug|Any CPU

		{D4567890-BCDE-4F01-2345-6789ABCDEF01}.Debug|Any CPU.ActiveCfg = Debug|Any CPU
		{D4567890-BCDE-4F01-2345-6789ABCDEF01}.Debug|Any CPU.Build.0 = Debug|Any CPU

		{E5678901-CDEF-4012-3456-789ABCDEF012}.Debug|Any CPU.ActiveCfg = Debug|Any CPU
		{E5678901-CDEF-4012-3456-789ABCDEF012}.Debug|Any CPU.Build.0 = Debug|Any CPU

		{F6789012-DEF0-4123-4567-89ABCDEF0123}.Debug|Any CPU.ActiveCfg = Debug|Any CPU
		{F6789012-DEF0-4123-4567-89ABCDEF0123}.Debug|Any CPU.Build.0 = Debug|Any CPU

		{01234567-EF01-4234-5678-9ABCDEF01234}.Debug|Any CPU.ActiveCfg = Debug|Any CPU
		{01234567-EF01-4234-5678-9ABCDEF01234}.Debug|Any CPU.Build.0 = Debug|Any CPU
	EndGlobalSection
EndGlobal
